# THIS IS AN AUTOGENERATED FILE. DO NOT EDIT THIS FILE DIRECTLY.
# yarn lockfile v1


accepts@^1.3.5:
  version "1.3.7"
  resolved "https://registry.npm.taobao.org/accepts/download/accepts-1.3.7.tgz#531bc726517a3b2b41f850021c6cc15eaab507cd"
  integrity sha1-UxvHJlF6OytB+FACHGzBXqq1B80=
  dependencies:
    mime-types "~2.1.24"
    negotiator "0.6.2"

any-promise@^1.0.0, any-promise@^1.1.0:
  version "1.3.0"
  resolved "https://registry.npm.taobao.org/any-promise/download/any-promise-1.3.0.tgz#abc6afeedcea52e809cdc0376aed3ce39635d17f"
  integrity sha1-q8av7tzqUugJzcA3au0845Y10X8=

apollo-cache-control@^0.1.0:
  version "0.1.1"
  resolved "https://registry.npm.taobao.org/apollo-cache-control/download/apollo-cache-control-0.1.1.tgz?cache=0&other_urls=https%3A%2F%2Fregistry.npm.taobao.org%2Fapollo-cache-control%2Fdownload%2Fapollo-cache-control-0.1.1.tgz#173d14ceb3eb9e7cb53de7eb8b61bee6159d4171"
  integrity sha1-Fz0UzrPrnny1Pefri2G+5hWdQXE=
  dependencies:
    graphql-extensions "^0.0.x"

apollo-server-core@^1.4.0:
  version "1.4.0"
  resolved "https://registry.npm.taobao.org/apollo-server-core/download/apollo-server-core-1.4.0.tgz#4faff7f110bfdd6c3f47008302ae24140f94c592"
  integrity sha1-T6/38RC/3Ww/RwCDAq4kFA+UxZI=
  dependencies:
    apollo-cache-control "^0.1.0"
    apollo-tracing "^0.1.0"
    graphql-extensions "^0.0.x"

apollo-server-koa@^1.4.0:
  version "1.4.0"
  resolved "https://registry.npm.taobao.org/apollo-server-koa/download/apollo-server-koa-1.4.0.tgz#59accc941d02ab2b2f8c7e76426a20b7a0ad5a3a"
  integrity sha1-WazMlB0CqysvjH52Qmogt6CtWjo=
  dependencies:
    apollo-server-core "^1.4.0"
    apollo-server-module-graphiql "^1.4.0"

apollo-server-module-graphiql@^1.4.0:
  version "1.4.0"
  resolved "https://registry.npm.taobao.org/apollo-server-module-graphiql/download/apollo-server-module-graphiql-1.4.0.tgz#c559efa285578820709f1769bb85d3b3eed3d8ec"
  integrity sha1-xVnvooVXiCBwnxdpu4XTs+7T2Ow=

apollo-tracing@^0.1.0:
  version "0.1.4"
  resolved "https://registry.npm.taobao.org/apollo-tracing/download/apollo-tracing-0.1.4.tgz?cache=0&other_urls=https%3A%2F%2Fregistry.npm.taobao.org%2Fapollo-tracing%2Fdownload%2Fapollo-tracing-0.1.4.tgz#5b8ae1b01526b160ee6e552a7f131923a9aedcc7"
  integrity sha1-W4rhsBUmsWDublUqfxMZI6mu3Mc=
  dependencies:
    graphql-extensions "~0.0.9"

arg@^4.1.1:
  version "4.1.1"
  resolved "https://registry.npm.taobao.org/arg/download/arg-4.1.1.tgz#485f8e7c390ce4c5f78257dbea80d4be11feda4c"
  integrity sha1-SF+OfDkM5MX3glfb6oDUvhH+2kw=

async@2.6.2:
  version "2.6.2"
  resolved "https://registry.npm.taobao.org/async/download/async-2.6.2.tgz?cache=0&sync_timestamp=1563385399810&other_urls=https%3A%2F%2Fregistry.npm.taobao.org%2Fasync%2Fdownload%2Fasync-2.6.2.tgz#18330ea7e6e313887f5d2f2a904bac6fe4dd5381"
  integrity sha1-GDMOp+bjE4h/XS8qkEusb+TdU4E=
  dependencies:
    lodash "^4.17.11"

bluebird@3.5.1:
  version "3.5.1"
  resolved "https://registry.npm.taobao.org/bluebird/download/bluebird-3.5.1.tgz#d9551f9de98f1fcda1e683d17ee91a0602ee2eb9"
  integrity sha1-2VUfnemPH82h5oPRfukaBgLuLrk=

bson@^1.1.1, bson@~1.1.1:
  version "1.1.1"
  resolved "https://registry.npm.taobao.org/bson/download/bson-1.1.1.tgz#4330f5e99104c4e751e7351859e2d408279f2f13"
  integrity sha1-QzD16ZEExOdR5zUYWeLUCCefLxM=

buffer-from@^1.0.0:
  version "1.1.1"
  resolved "https://registry.npm.taobao.org/buffer-from/download/buffer-from-1.1.1.tgz#32713bc028f75c02fdb710d7c7bcec1f2c6070ef"
  integrity sha1-MnE7wCj3XAL9txDXx7zsHyxgcO8=

bytes@3.1.0:
  version "3.1.0"
  resolved "https://registry.npm.taobao.org/bytes/download/bytes-3.1.0.tgz#f6cf7933a360e0588fa9fde85651cdc7f805d1f6"
  integrity sha1-9s95M6Ng4FiPqf3oVlHNx/gF0fY=

cache-content-type@^1.0.0:
  version "1.0.1"
  resolved "https://registry.npm.taobao.org/cache-content-type/download/cache-content-type-1.0.1.tgz#035cde2b08ee2129f4a8315ea8f00a00dba1453c"
  integrity sha1-A1zeKwjuISn0qDFeqPAKANuhRTw=
  dependencies:
    mime-types "^2.1.18"
    ylru "^1.2.0"

co-body@^6.0.0:
  version "6.0.0"
  resolved "https://registry.npm.taobao.org/co-body/download/co-body-6.0.0.tgz#965b9337d7f5655480787471f4237664820827e3"
  integrity sha1-lluTN9f1ZVSAeHRx9CN2ZIIIJ+M=
  dependencies:
    inflation "^2.0.0"
    qs "^6.5.2"
    raw-body "^2.3.3"
    type-is "^1.6.16"

co@^4.6.0:
  version "4.6.0"
  resolved "https://registry.npm.taobao.org/co/download/co-4.6.0.tgz#6ea6bdf3d853ae54ccb8e47bfa0bf3f9031fb184"
  integrity sha1-bqa989hTrlTMuOR7+gvz+QMfsYQ=

content-disposition@~0.5.2:
  version "0.5.3"
  resolved "https://registry.npm.taobao.org/content-disposition/download/content-disposition-0.5.3.tgz#e130caf7e7279087c5616c2007d0485698984fbd"
  integrity sha1-4TDK9+cnkIfFYWwgB9BIVpiYT70=
  dependencies:
    safe-buffer "5.1.2"

content-type@^1.0.4:
  version "1.0.4"
  resolved "https://registry.npm.taobao.org/content-type/download/content-type-1.0.4.tgz#e138cc75e040c727b1966fe5e5f8c9aee256fe3b"
  integrity sha1-4TjMdeBAxyexlm/l5fjJruJW/js=

cookies@~0.7.1:
  version "0.7.3"
  resolved "https://registry.npm.taobao.org/cookies/download/cookies-0.7.3.tgz#7912ce21fbf2e8c2da70cf1c3f351aecf59dadfa"
  integrity sha1-eRLOIfvy6MLacM8cPzUa7PWdrfo=
  dependencies:
    depd "~1.1.2"
    keygrip "~1.0.3"

copy-to@^2.0.1:
  version "2.0.1"
  resolved "https://registry.npm.taobao.org/copy-to/download/copy-to-2.0.1.tgz#2680fbb8068a48d08656b6098092bdafc906f4a5"
  integrity sha1-JoD7uAaKSNCGVrYJgJK9r8kG9KU=

core-js@^2.5.3:
  version "2.6.9"
  resolved "https://registry.npm.taobao.org/core-js/download/core-js-2.6.9.tgz#6b4b214620c834152e179323727fc19741b084f2"
  integrity sha1-a0shRiDINBUuF5Mjcn/Bl0GwhPI=

debug@3.1.0, debug@~3.1.0:
  version "3.1.0"
  resolved "https://registry.npm.taobao.org/debug/download/debug-3.1.0.tgz?cache=0&other_urls=https%3A%2F%2Fregistry.npm.taobao.org%2Fdebug%2Fdownload%2Fdebug-3.1.0.tgz#5bb5a0672628b64149566ba16819e61518c67261"
  integrity sha1-W7WgZyYotkFJVmuhaBnmFRjGcmE=
  dependencies:
    ms "2.0.0"

debug@^3.1.0:
  version "3.2.6"
  resolved "https://registry.npm.taobao.org/debug/download/debug-3.2.6.tgz?cache=0&other_urls=https%3A%2F%2Fregistry.npm.taobao.org%2Fdebug%2Fdownload%2Fdebug-3.2.6.tgz#e83d17de16d8a7efb7717edbe5fb10135eee629b"
  integrity sha1-6D0X3hbYp++3cX7b5fsQE17uYps=
  dependencies:
    ms "^2.1.1"

deep-equal@~1.0.1:
  version "1.0.1"
  resolved "https://registry.npm.taobao.org/deep-equal/download/deep-equal-1.0.1.tgz#f5d260292b660e084eff4cdbc9f08ad3247448b5"
  integrity sha1-9dJgKStmDghO/0zbyfCK0yR0SLU=

delegates@^1.0.0:
  version "1.0.0"
  resolved "https://registry.npm.taobao.org/delegates/download/delegates-1.0.0.tgz#84c6e159b81904fdca59a0ef44cd870d31250f9a"
  integrity sha1-hMbhWbgZBP3KWaDvRM2HDTElD5o=

depd@^1.1.2, depd@~1.1.2:
  version "1.1.2"
  resolved "https://registry.npm.taobao.org/depd/download/depd-1.1.2.tgz#9bcd52e14c097763e749b274c4346ed2e560b5a9"
  integrity sha1-m81S4UwJd2PnSbJ0xDRu0uVgtak=

destroy@^1.0.4:
  version "1.0.4"
  resolved "https://registry.npm.taobao.org/destroy/download/destroy-1.0.4.tgz#978857442c44749e4206613e37946205826abd80"
  integrity sha1-l4hXRCxEdJ5CBmE+N5RiBYJqvYA=

ee-first@1.1.1:
  version "1.1.1"
  resolved "https://registry.npm.taobao.org/ee-first/download/ee-first-1.1.1.tgz#590c61156b0ae2f4f0255732a158b266bc56b21d"
  integrity sha1-WQxhFWsK4vTwJVcyoViyZrxWsh0=

error-inject@^1.0.0:
  version "1.0.0"
  resolved "https://registry.npm.taobao.org/error-inject/download/error-inject-1.0.0.tgz#e2b3d91b54aed672f309d950d154850fa11d4f37"
  integrity sha1-4rPZG1Su1nLzCdlQ0VSFD6EdTzc=

escape-html@^1.0.3:
  version "1.0.3"
  resolved "https://registry.npm.taobao.org/escape-html/download/escape-html-1.0.3.tgz#0258eae4d3d0c0974de1c169188ef0051d1d1988"
  integrity sha1-Aljq5NPQwJdN4cFpGI7wBR0dGYg=

fresh@~0.5.2:
  version "0.5.2"
  resolved "https://registry.npm.taobao.org/fresh/download/fresh-0.5.2.tgz#3d8cadd90d976569fa835ab1f8e4b23a105605a7"
  integrity sha1-PYyt2Q2XZWn6g1qx+OSyOhBWBac=

graphql-compose-connection@^6.0.3:
  version "6.0.3"
  resolved "https://registry.npm.taobao.org/graphql-compose-connection/download/graphql-compose-connection-6.0.3.tgz#f01e0bcdb93383c3fc1d5e3115ce6d4f825a95b1"
  integrity sha1-8B4Lzbkzg8P8HV4xFc5tT4JalbE=

graphql-compose-mongoose@^7.1.0:
  version "7.1.0"
  resolved "https://registry.npm.taobao.org/graphql-compose-mongoose/download/graphql-compose-mongoose-7.1.0.tgz#0a61bd4fbeba848299d6c452609085b5ee2f9e89"
  integrity sha1-CmG9T766hIKZ1sRSYJCFte4vnok=
  dependencies:
    object-path "^0.11.4"
  optionalDependencies:
    graphql-compose-connection "^6.0.3"
    graphql-compose-pagination "^6.0.3"

graphql-compose-pagination@^6.0.3:
  version "6.0.3"
  resolved "https://registry.npm.taobao.org/graphql-compose-pagination/download/graphql-compose-pagination-6.0.3.tgz#58a50c07226d055ecf01fdd5ab3f300f58598beb"
  integrity sha1-WKUMByJtBV7PAf3Vqz8wD1hZi+s=

graphql-compose@^7.2.0:
  version "7.2.0"
  resolved "https://registry.npm.taobao.org/graphql-compose/download/graphql-compose-7.2.0.tgz#a59843bec4dcfaf79ed66ab03e05e34c3ba19425"
  integrity sha1-pZhDvsTc+vee1mqwPgXjTDuhlCU=
  dependencies:
    graphql-type-json "^0.3.0"
    object-path "^0.11.4"

graphql-extensions@^0.0.x, graphql-extensions@~0.0.9:
  version "0.0.10"
  resolved "https://registry.npm.taobao.org/graphql-extensions/download/graphql-extensions-0.0.10.tgz#34bdb2546d43f6a5bc89ab23c295ec0466c6843d"
  integrity sha1-NL2yVG1D9qW8iasjwpXsBGbGhD0=
  dependencies:
    core-js "^2.5.3"
    source-map-support "^0.5.1"

graphql-server-koa@^1.4.1:
  version "1.4.1"
  resolved "https://registry.npm.taobao.org/graphql-server-koa/download/graphql-server-koa-1.4.1.tgz#10377979bb0818176880f43d7dffa3bf35df81b0"
  integrity sha1-EDd5ebsIGBdogPQ9ff+jvzXfgbA=
  dependencies:
    apollo-server-koa "^1.4.0"

graphql-type-json@^0.3.0:
  version "0.3.0"
  resolved "https://registry.npm.taobao.org/graphql-type-json/download/graphql-type-json-0.3.0.tgz#bb32e1b74bf52ebc690f9df12b4067bc061f818a"
  integrity sha1-uzLht0v1LrxpD53xK0BnvAYfgYo=

graphql@^14.4.2:
  version "14.4.2"
  resolved "https://registry.npm.taobao.org/graphql/download/graphql-14.4.2.tgz?cache=0&sync_timestamp=1562166096300&other_urls=https%3A%2F%2Fregistry.npm.taobao.org%2Fgraphql%2Fdownload%2Fgraphql-14.4.2.tgz#553a7d546d524663eda49ed6df77577be3203ae3"
  integrity sha1-VTp9VG1SRmPtpJ7W33dXe+MgOuM=
  dependencies:
    iterall "^1.2.2"

http-assert@^1.3.0:
  version "1.4.1"
  resolved "https://registry.npm.taobao.org/http-assert/download/http-assert-1.4.1.tgz#c5f725d677aa7e873ef736199b89686cceb37878"
  integrity sha1-xfcl1neqfoc+9zYZm4lobM6zeHg=
  dependencies:
    deep-equal "~1.0.1"
    http-errors "~1.7.2"

http-errors@1.7.3, http-errors@^1.3.1, http-errors@^1.6.3, http-errors@~1.7.2:
  version "1.7.3"
  resolved "https://registry.npm.taobao.org/http-errors/download/http-errors-1.7.3.tgz?cache=0&sync_timestamp=1561418493658&other_urls=https%3A%2F%2Fregistry.npm.taobao.org%2Fhttp-errors%2Fdownload%2Fhttp-errors-1.7.3.tgz#6c619e4f9c60308c38519498c14fbb10aacebb06"
  integrity sha1-bGGeT5xgMIw4UZSYwU+7EKrOuwY=
  dependencies:
    depd "~1.1.2"
    inherits "2.0.4"
    setprototypeof "1.1.1"
    statuses ">= 1.5.0 < 2"
    toidentifier "1.0.0"

http-errors@~1.6.2:
  version "1.6.3"
  resolved "https://registry.npm.taobao.org/http-errors/download/http-errors-1.6.3.tgz?cache=0&sync_timestamp=1561418493658&other_urls=https%3A%2F%2Fregistry.npm.taobao.org%2Fhttp-errors%2Fdownload%2Fhttp-errors-1.6.3.tgz#8b55680bb4be283a0b5bf4ea2e38580be1d9320d"
  integrity sha1-i1VoC7S+KDoLW/TqLjhYC+HZMg0=
  dependencies:
    depd "~1.1.2"
    inherits "2.0.3"
    setprototypeof "1.1.0"
    statuses ">= 1.4.0 < 2"

iconv-lite@0.4.24:
  version "0.4.24"
  resolved "https://registry.npm.taobao.org/iconv-lite/download/iconv-lite-0.4.24.tgz#2022b4b25fbddc21d2f524974a474aafe733908b"
  integrity sha1-ICK0sl+93CHS9SSXSkdKr+czkIs=
  dependencies:
    safer-buffer ">= 2.1.2 < 3"

inflation@^2.0.0:
  version "2.0.0"
  resolved "https://registry.npm.taobao.org/inflation/download/inflation-2.0.0.tgz#8b417e47c28f925a45133d914ca1fd389107f30f"
  integrity sha1-i0F+R8KPklpFEz2RTKH9OJEH8w8=

inherits@2.0.3:
  version "2.0.3"
  resolved "https://registry.npm.taobao.org/inherits/download/inherits-2.0.3.tgz#633c2c83e3da42a502f52466022480f4208261de"
  integrity sha1-Yzwsg+PaQqUC9SRmAiSA9CCCYd4=

inherits@2.0.4:
  version "2.0.4"
  resolved "https://registry.npm.taobao.org/inherits/download/inherits-2.0.4.tgz#0fa2c64f932917c3433a0ded55363aae37416b7c"
  integrity sha1-D6LGT5MpF8NDOg3tVTY6rjdBa3w=

is-generator-function@^1.0.7:
  version "1.0.7"
  resolved "https://registry.npm.taobao.org/is-generator-function/download/is-generator-function-1.0.7.tgz#d2132e529bb0000a7f80794d4bdf5cd5e5813522"
  integrity sha1-0hMuUpuwAAp/gHlNS99c1eWBNSI=

isarray@0.0.1:
  version "0.0.1"
  resolved "https://registry.npm.taobao.org/isarray/download/isarray-0.0.1.tgz?cache=0&sync_timestamp=1562592096220&other_urls=https%3A%2F%2Fregistry.npm.taobao.org%2Fisarray%2Fdownload%2Fisarray-0.0.1.tgz#8a18acfca9a8f4177e09abfc6038939b05d1eedf"
  integrity sha1-ihis/Kmo9Bd+Cav8YDiTmwXR7t8=

iterall@^1.2.2:
  version "1.2.2"
  resolved "https://registry.npm.taobao.org/iterall/download/iterall-1.2.2.tgz#92d70deb8028e0c39ff3164fdbf4d8b088130cd7"
  integrity sha1-ktcN64Ao4MOf8xZP2/TYsIgTDNc=

kareem@2.3.0:
  version "2.3.0"
  resolved "https://registry.npm.taobao.org/kareem/download/kareem-2.3.0.tgz#ef33c42e9024dce511eeaf440cd684f3af1fc769"
  integrity sha1-7zPELpAk3OUR7q9EDNaE868fx2k=

keygrip@~1.0.3:
  version "1.0.3"
  resolved "https://registry.npm.taobao.org/keygrip/download/keygrip-1.0.3.tgz#399d709f0aed2bab0a059e0cdd3a5023a053e1dc"
  integrity sha1-OZ1wnwrtK6sKBZ4M3TpQI6BT4dw=

koa-bodyparser@^4.2.1:
  version "4.2.1"
  resolved "https://registry.npm.taobao.org/koa-bodyparser/download/koa-bodyparser-4.2.1.tgz#4d7dacb5e6db1106649b595d9e5ccb158b6f3b29"
  integrity sha1-TX2stebbEQZkm1ldnlzLFYtvOyk=
  dependencies:
    co-body "^6.0.0"
    copy-to "^2.0.1"

koa-compose@^3.0.0:
  version "3.2.1"
  resolved "https://registry.npm.taobao.org/koa-compose/download/koa-compose-3.2.1.tgz#a85ccb40b7d986d8e5a345b3a1ace8eabcf54de7"
  integrity sha1-qFzLQLfZhtjlo0Wzoazo6rz1Tec=
  dependencies:
    any-promise "^1.1.0"

koa-compose@^4.1.0:
  version "4.1.0"
  resolved "https://registry.npm.taobao.org/koa-compose/download/koa-compose-4.1.0.tgz#507306b9371901db41121c812e923d0d67d3e877"
  integrity sha1-UHMGuTcZAdtBEhyBLpI9DWfT6Hc=

koa-convert@^1.2.0:
  version "1.2.0"
  resolved "https://registry.npm.taobao.org/koa-convert/download/koa-convert-1.2.0.tgz?cache=0&other_urls=https%3A%2F%2Fregistry.npm.taobao.org%2Fkoa-convert%2Fdownload%2Fkoa-convert-1.2.0.tgz#da40875df49de0539098d1700b50820cebcd21d0"
  integrity sha1-2kCHXfSd4FOQmNFwC1CCDOvNIdA=
  dependencies:
    co "^4.6.0"
    koa-compose "^3.0.0"

koa-is-json@^1.0.0:
  version "1.0.0"
  resolved "https://registry.npm.taobao.org/koa-is-json/download/koa-is-json-1.0.0.tgz#273c07edcdcb8df6a2c1ab7d59ee76491451ec14"
  integrity sha1-JzwH7c3Ljfaiwat9We52SRRR7BQ=

koa-router@^7.4.0:
  version "7.4.0"
  resolved "https://registry.npm.taobao.org/koa-router/download/koa-router-7.4.0.tgz#aee1f7adc02d5cb31d7d67465c9eacc825e8c5e0"
  integrity sha1-ruH3rcAtXLMdfWdGXJ6syCXoxeA=
  dependencies:
    debug "^3.1.0"
    http-errors "^1.3.1"
    koa-compose "^3.0.0"
    methods "^1.0.1"
    path-to-regexp "^1.1.1"
    urijs "^1.19.0"

koa-send@^5.0.0:
  version "5.0.0"
  resolved "https://registry.npm.taobao.org/koa-send/download/koa-send-5.0.0.tgz#5e8441e07ef55737734d7ced25b842e50646e7eb"
  integrity sha1-XoRB4H71VzdzTXztJbhC5QZG5+s=
  dependencies:
    debug "^3.1.0"
    http-errors "^1.6.3"
    mz "^2.7.0"
    resolve-path "^1.4.0"

koa-static@^5.0.0:
  version "5.0.0"
  resolved "https://registry.npm.taobao.org/koa-static/download/koa-static-5.0.0.tgz#5e92fc96b537ad5219f425319c95b64772776943"
  integrity sha1-XpL8lrU3rVIZ9CUxnJW2R3J3aUM=
  dependencies:
    debug "^3.1.0"
    koa-send "^5.0.0"

koa@^2.7.0:
  version "2.7.0"
  resolved "https://registry.npm.taobao.org/koa/download/koa-2.7.0.tgz#7e00843506942b9d82c6cc33749f657c6e5e7adf"
  integrity sha1-fgCENQaUK52CxswzdJ9lfG5eet8=
  dependencies:
    accepts "^1.3.5"
    cache-content-type "^1.0.0"
    content-disposition "~0.5.2"
    content-type "^1.0.4"
    cookies "~0.7.1"
    debug "~3.1.0"
    delegates "^1.0.0"
    depd "^1.1.2"
    destroy "^1.0.4"
    error-inject "^1.0.0"
    escape-html "^1.0.3"
    fresh "~0.5.2"
    http-assert "^1.3.0"
    http-errors "^1.6.3"
    is-generator-function "^1.0.7"
    koa-compose "^4.1.0"
    koa-convert "^1.2.0"
    koa-is-json "^1.0.0"
    on-finished "^2.3.0"
    only "~0.0.2"
    parseurl "^1.3.2"
    statuses "^1.5.0"
    type-is "^1.6.16"
    vary "^1.1.2"

lodash@^4.17.11, lodash@^4.17.14:
  version "4.17.14"
  resolved "https://registry.npm.taobao.org/lodash/download/lodash-4.17.14.tgz?cache=0&other_urls=https%3A%2F%2Fregistry.npm.taobao.org%2Flodash%2Fdownload%2Flodash-4.17.14.tgz#9ce487ae66c96254fe20b599f21b6816028078ba"
  integrity sha1-nOSHrmbJYlT+ILWZ8htoFgKAeLo=

media-typer@0.3.0:
  version "0.3.0"
  resolved "https://registry.npm.taobao.org/media-typer/download/media-typer-0.3.0.tgz#8710d7af0aa626f8fffa1ce00168545263255748"
  integrity sha1-hxDXrwqmJvj/+hzgAWhUUmMlV0g=

memory-pager@^1.0.2:
  version "1.5.0"
  resolved "https://registry.npm.taobao.org/memory-pager/download/memory-pager-1.5.0.tgz#d8751655d22d384682741c972f2c3d6dfa3e66b5"
  integrity sha1-2HUWVdItOEaCdByXLyw9bfo+ZrU=

methods@^1.0.1:
  version "1.1.2"
  resolved "https://registry.npm.taobao.org/methods/download/methods-1.1.2.tgz#5529a4d67654134edcc5266656835b0f851afcee"
  integrity sha1-VSmk1nZUE07cxSZmVoNbD4Ua/O4=

mime-db@1.40.0:
  version "1.40.0"
  resolved "https://registry.npm.taobao.org/mime-db/download/mime-db-1.40.0.tgz#a65057e998db090f732a68f6c276d387d4126c32"
  integrity sha1-plBX6ZjbCQ9zKmj2wnbTh9QSbDI=

mime-types@^2.1.18, mime-types@~2.1.24:
  version "2.1.24"
  resolved "https://registry.npm.taobao.org/mime-types/download/mime-types-2.1.24.tgz#b6f8d0b3e951efb77dedeca194cff6d16f676f81"
  integrity sha1-tvjQs+lR77d97eyhlM/20W9nb4E=
  dependencies:
    mime-db "1.40.0"

mongodb-core@3.2.7:
  version "3.2.7"
  resolved "https://registry.npm.taobao.org/mongodb-core/download/mongodb-core-3.2.7.tgz#a8ef1fe764a192c979252dacbc600dc88d77e28f"
  integrity sha1-qO8f52Shksl5JS2svGANyI134o8=
  dependencies:
    bson "^1.1.1"
    require_optional "^1.0.1"
    safe-buffer "^5.1.2"
  optionalDependencies:
    saslprep "^1.0.0"

mongodb@3.2.7:
  version "3.2.7"
  resolved "https://registry.npm.taobao.org/mongodb/download/mongodb-3.2.7.tgz#8ba149e4be708257cad0dea72aebb2bbb311a7ac"
  integrity sha1-i6FJ5L5wglfK0N6nKuuyu7MRp6w=
  dependencies:
    mongodb-core "3.2.7"
    safe-buffer "^5.1.2"

mongoose-legacy-pluralize@1.0.2:
  version "1.0.2"
  resolved "https://registry.npm.taobao.org/mongoose-legacy-pluralize/download/mongoose-legacy-pluralize-1.0.2.tgz#3ba9f91fa507b5186d399fb40854bff18fb563e4"
  integrity sha1-O6n5H6UHtRhtOZ+0CFS/8Y+1Y+Q=

mongoose@^5.6.5:
  version "5.6.5"
  resolved "https://registry.npm.taobao.org/mongoose/download/mongoose-5.6.5.tgz?cache=0&sync_timestamp=1563389862383&other_urls=https%3A%2F%2Fregistry.npm.taobao.org%2Fmongoose%2Fdownload%2Fmongoose-5.6.5.tgz#fdddf9a3c588a670b81b23bec203440f5ddf2876"
  integrity sha1-/d35o8WIpnC4GyO+wgNED13fKHY=
  dependencies:
    async "2.6.2"
    bson "~1.1.1"
    kareem "2.3.0"
    mongodb "3.2.7"
    mongodb-core "3.2.7"
    mongoose-legacy-pluralize "1.0.2"
    mpath "0.6.0"
    mquery "3.2.1"
    ms "2.1.2"
    regexp-clone "1.0.0"
    safe-buffer "5.1.2"
    sift "7.0.1"
    sliced "1.0.1"

mpath@0.6.0:
  version "0.6.0"
  resolved "https://registry.npm.taobao.org/mpath/download/mpath-0.6.0.tgz#aa922029fca4f0f641f360e74c5c1b6a4c47078e"
  integrity sha1-qpIgKfyk8PZB82DnTFwbakxHB44=

mquery@3.2.1:
  version "3.2.1"
  resolved "https://registry.npm.taobao.org/mquery/download/mquery-3.2.1.tgz#8b059a49cdae0a8a9e804284ef64c2f58d3ac05d"
  integrity sha1-iwWaSc2uCoqegEKE72TC9Y06wF0=
  dependencies:
    bluebird "3.5.1"
    debug "3.1.0"
    regexp-clone "^1.0.0"
    safe-buffer "5.1.2"
    sliced "1.0.1"

ms@2.0.0:
  version "2.0.0"
  resolved "https://registry.npm.taobao.org/ms/download/ms-2.0.0.tgz#5608aeadfc00be6c2901df5f9861788de0d597c8"
  integrity sha1-VgiurfwAvmwpAd9fmGF4jeDVl8g=

ms@2.1.2, ms@^2.1.1:
  version "2.1.2"
  resolved "https://registry.npm.taobao.org/ms/download/ms-2.1.2.tgz#d09d1f357b443f493382a8eb3ccd183872ae6009"
  integrity sha1-0J0fNXtEP0kzgqjrPM0YOHKuYAk=

mz@^2.7.0:
  version "2.7.0"
  resolved "https://registry.npm.taobao.org/mz/download/mz-2.7.0.tgz#95008057a56cafadc2bc63dde7f9ff6955948e32"
  integrity sha1-lQCAV6Vsr63CvGPd5/n/aVWUjjI=
  dependencies:
    any-promise "^1.0.0"
    object-assign "^4.0.1"
    thenify-all "^1.0.0"

negotiator@0.6.2:
  version "0.6.2"
  resolved "https://registry.npm.taobao.org/negotiator/download/negotiator-0.6.2.tgz#feacf7ccf525a77ae9634436a64883ffeca346fb"
  integrity sha1-/qz3zPUlp3rpY0Q2pkiD/+yjRvs=

object-assign@^4.0.1:
  version "4.1.1"
  resolved "https://registry.npm.taobao.org/object-assign/download/object-assign-4.1.1.tgz#2109adc7965887cfc05cbbd442cac8bfbb360863"
  integrity sha1-IQmtx5ZYh8/AXLvUQsrIv7s2CGM=

object-path@^0.11.4:
  version "0.11.4"
  resolved "https://registry.npm.taobao.org/object-path/download/object-path-0.11.4.tgz?cache=0&other_urls=https%3A%2F%2Fregistry.npm.taobao.org%2Fobject-path%2Fdownload%2Fobject-path-0.11.4.tgz#370ae752fbf37de3ea70a861c23bba8915691949"
  integrity sha1-NwrnUvvzfePqcKhhwju6iRVpGUk=

on-finished@^2.3.0:
  version "2.3.0"
  resolved "https://registry.npm.taobao.org/on-finished/download/on-finished-2.3.0.tgz#20f1336481b083cd75337992a16971aa2d906947"
  integrity sha1-IPEzZIGwg811M3mSoWlxqi2QaUc=
  dependencies:
    ee-first "1.1.1"

only@~0.0.2:
  version "0.0.2"
  resolved "https://registry.npm.taobao.org/only/download/only-0.0.2.tgz#2afde84d03e50b9a8edc444e30610a70295edfb4"
  integrity sha1-Kv3oTQPlC5qO3EROMGEKcCle37Q=

parseurl@^1.3.2:
  version "1.3.3"
  resolved "https://registry.npm.taobao.org/parseurl/download/parseurl-1.3.3.tgz#9da19e7bee8d12dff0513ed5b76957793bc2e8d4"
  integrity sha1-naGee+6NEt/wUT7Vt2lXeTvC6NQ=

path-is-absolute@1.0.1:
  version "1.0.1"
  resolved "https://registry.npm.taobao.org/path-is-absolute/download/path-is-absolute-1.0.1.tgz#174b9268735534ffbc7ace6bf53a5a9e1b5c5f5f"
  integrity sha1-F0uSaHNVNP+8es5r9TpanhtcX18=

path-to-regexp@^1.1.1:
  version "1.7.0"
  resolved "https://registry.npm.taobao.org/path-to-regexp/download/path-to-regexp-1.7.0.tgz#59fde0f435badacba103a84e9d3bc64e96b9937d"
  integrity sha1-Wf3g9DW62suhA6hOnTvGTpa5k30=
  dependencies:
    isarray "0.0.1"

qs@^6.5.2:
  version "6.7.0"
  resolved "https://registry.npm.taobao.org/qs/download/qs-6.7.0.tgz#41dc1a015e3d581f1621776be31afb2876a9b1bc"
  integrity sha1-QdwaAV49WB8WIXdr4xr7KHapsbw=

raw-body@^2.3.3:
  version "2.4.1"
  resolved "https://registry.npm.taobao.org/raw-body/download/raw-body-2.4.1.tgz#30ac82f98bb5ae8c152e67149dac8d55153b168c"
  integrity sha1-MKyC+Yu1rowVLmcUnayNVRU7Fow=
  dependencies:
    bytes "3.1.0"
    http-errors "1.7.3"
    iconv-lite "0.4.24"
    unpipe "1.0.0"

regexp-clone@1.0.0, regexp-clone@^1.0.0:
  version "1.0.0"
  resolved "https://registry.npm.taobao.org/regexp-clone/download/regexp-clone-1.0.0.tgz#222db967623277056260b992626354a04ce9bf63"
  integrity sha1-Ii25Z2IydwViYLmSYmNUoEzpv2M=

require_optional@^1.0.1:
  version "1.0.1"
  resolved "https://registry.npm.taobao.org/require_optional/download/require_optional-1.0.1.tgz#4cf35a4247f64ca3df8c2ef208cc494b1ca8fc2e"
  integrity sha1-TPNaQkf2TKPfjC7yCMxJSxyo/C4=
  dependencies:
    resolve-from "^2.0.0"
    semver "^5.1.0"

resolve-from@^2.0.0:
  version "2.0.0"
  resolved "https://registry.npm.taobao.org/resolve-from/download/resolve-from-2.0.0.tgz#9480ab20e94ffa1d9e80a804c7ea147611966b57"
  integrity sha1-lICrIOlP+h2egKgEx+oUdhGWa1c=

resolve-path@^1.4.0:
  version "1.4.0"
  resolved "https://registry.npm.taobao.org/resolve-path/download/resolve-path-1.4.0.tgz#c4bda9f5efb2fce65247873ab36bb4d834fe16f7"
  integrity sha1-xL2p9e+y/OZSR4c6s2u02DT+Fvc=
  dependencies:
    http-errors "~1.6.2"
    path-is-absolute "1.0.1"

safe-buffer@5.1.2:
  version "5.1.2"
  resolved "https://registry.npm.taobao.org/safe-buffer/download/safe-buffer-5.1.2.tgz#991ec69d296e0313747d59bdfd2b745c35f8828d"
  integrity sha1-mR7GnSluAxN0fVm9/St0XDX4go0=

safe-buffer@^5.1.2:
  version "5.2.0"
  resolved "https://registry.npm.taobao.org/safe-buffer/download/safe-buffer-5.2.0.tgz#b74daec49b1148f88c64b68d49b1e815c1f2f519"
  integrity sha1-t02uxJsRSPiMZLaNSbHoFcHy9Rk=

"safer-buffer@>= 2.1.2 < 3":
  version "2.1.2"
  resolved "https://registry.npm.taobao.org/safer-buffer/download/safer-buffer-2.1.2.tgz?cache=0&other_urls=https%3A%2F%2Fregistry.npm.taobao.org%2Fsafer-buffer%2Fdownload%2Fsafer-buffer-2.1.2.tgz#44fa161b0187b9549dd84bb91802f9bd8385cd6a"
  integrity sha1-RPoWGwGHuVSd2Eu5GAL5vYOFzWo=

saslprep@^1.0.0:
  version "1.0.3"
  resolved "https://registry.npm.taobao.org/saslprep/download/saslprep-1.0.3.tgz#4c02f946b56cf54297e347ba1093e7acac4cf226"
  integrity sha1-TAL5RrVs9UKX40e6EJPnrKxM8iY=
  dependencies:
    sparse-bitfield "^3.0.3"

semver@^5.1.0:
  version "5.7.0"
  resolved "https://registry.npm.taobao.org/semver/download/semver-5.7.0.tgz#790a7cf6fea5459bac96110b29b60412dc8ff96b"
  integrity sha1-eQp89v6lRZuslhELKbYEEtyP+Ws=

setprototypeof@1.1.0:
  version "1.1.0"
  resolved "https://registry.npm.taobao.org/setprototypeof/download/setprototypeof-1.1.0.tgz#d0bd85536887b6fe7c0d818cb962d9d91c54e656"
  integrity sha1-0L2FU2iHtv58DYGMuWLZ2RxU5lY=

setprototypeof@1.1.1:
  version "1.1.1"
  resolved "https://registry.npm.taobao.org/setprototypeof/download/setprototypeof-1.1.1.tgz#7e95acb24aa92f5885e0abef5ba131330d4ae683"
  integrity sha1-fpWsskqpL1iF4KvvW6ExMw1K5oM=

sift@7.0.1:
  version "7.0.1"
  resolved "https://registry.npm.taobao.org/sift/download/sift-7.0.1.tgz?cache=0&other_urls=https%3A%2F%2Fregistry.npm.taobao.org%2Fsift%2Fdownload%2Fsift-7.0.1.tgz#47d62c50b159d316f1372f8b53f9c10cd21a4b08"
  integrity sha1-R9YsULFZ0xbxNy+LU/nBDNIaSwg=

sliced@1.0.1:
  version "1.0.1"
  resolved "https://registry.npm.taobao.org/sliced/download/sliced-1.0.1.tgz#0b3a662b5d04c3177b1926bea82b03f837a2ef41"
  integrity sha1-CzpmK10Ewxd7GSa+qCsD+Dei70E=

source-map-support@^0.5.1:
  version "0.5.12"
  resolved "https://registry.npm.taobao.org/source-map-support/download/source-map-support-0.5.12.tgz?cache=0&other_urls=https%3A%2F%2Fregistry.npm.taobao.org%2Fsource-map-support%2Fdownload%2Fsource-map-support-0.5.12.tgz#b4f3b10d51857a5af0138d3ce8003b201613d599"
  integrity sha1-tPOxDVGFelrwE4086AA7IBYT1Zk=
  dependencies:
    buffer-from "^1.0.0"
    source-map "^0.6.0"

source-map@^0.6.0:
  version "0.6.1"
  resolved "https://registry.npm.taobao.org/source-map/download/source-map-0.6.1.tgz#74722af32e9614e9c287a8d0bbde48b5e2f1a263"
  integrity sha1-dHIq8y6WFOnCh6jQu95IteLxomM=

sparse-bitfield@^3.0.3:
  version "3.0.3"
  resolved "https://registry.npm.taobao.org/sparse-bitfield/download/sparse-bitfield-3.0.3.tgz#ff4ae6e68656056ba4b3e792ab3334d38273ca11"
  integrity sha1-/0rm5oZWBWuks+eSqzM004JzyhE=
  dependencies:
    memory-pager "^1.0.2"

"statuses@>= 1.4.0 < 2", "statuses@>= 1.5.0 < 2", statuses@^1.5.0:
  version "1.5.0"
  resolved "https://registry.npm.taobao.org/statuses/download/statuses-1.5.0.tgz#161c7dac177659fd9811f43771fa99381478628c"
  integrity sha1-Fhx9rBd2Wf2YEfQ3cfqZOBR4Yow=

thenify-all@^1.0.0:
  version "1.6.0"
  resolved "https://registry.npm.taobao.org/thenify-all/download/thenify-all-1.6.0.tgz#1a1918d402d8fc3f98fbf234db0bcc8cc10e9726"
  integrity sha1-GhkY1ALY/D+Y+/I02wvMjMEOlyY=
  dependencies:
    thenify ">= 3.1.0 < 4"

"thenify@>= 3.1.0 < 4":
  version "3.3.0"
  resolved "https://registry.npm.taobao.org/thenify/download/thenify-3.3.0.tgz#e69e38a1babe969b0108207978b9f62b88604839"
  integrity sha1-5p44obq+lpsBCCB5eLn2K4hgSDk=
  dependencies:
    any-promise "^1.0.0"

toidentifier@1.0.0:
  version "1.0.0"
  resolved "https://registry.npm.taobao.org/toidentifier/download/toidentifier-1.0.0.tgz#7e1be3470f1e77948bc43d94a3c8f4d7752ba553"
  integrity sha1-fhvjRw8ed5SLxD2Uo8j013UrpVM=

type-is@^1.6.16:
  version "1.6.18"
  resolved "https://registry.npm.taobao.org/type-is/download/type-is-1.6.18.tgz#4e552cd05df09467dcbc4ef739de89f2cf37c131"
  integrity sha1-TlUs0F3wlGfcvE73Od6J8s83wTE=
  dependencies:
    media-typer "0.3.0"
    mime-types "~2.1.24"

unpipe@1.0.0:
  version "1.0.0"
  resolved "https://registry.npm.taobao.org/unpipe/download/unpipe-1.0.0.tgz#b2bf4ee8514aae6165b4817829d21b2ef49904ec"
  integrity sha1-sr9O6FFKrmFltIF4KdIbLvSZBOw=

urijs@^1.19.0:
  version "1.19.9"
  resolved "https://registry.yarnpkg.com/urijs/-/urijs-1.19.9.tgz#3b15844835de3732866d420768c16f24be7d3e65"
  integrity sha512-v0V+v5F3NQFt6TX0GpA2NKyrpythDJI+PHRo66sUIDP/U6cXbm6NqLVcXylQGwiwW5VYNj+OAei3EU0ALj9AWg==

vary@^1.1.2:
  version "1.1.2"
  resolved "https://registry.npm.taobao.org/vary/download/vary-1.1.2.tgz#2299f02c6ded30d4a5961b0b9f74524a18f634fc"
  integrity sha1-IpnwLG3tMNSllhsLn3RSShj2NPw=

ylru@^1.2.0:
  version "1.2.1"
  resolved "https://registry.npm.taobao.org/ylru/download/ylru-1.2.1.tgz#f576b63341547989c1de7ba288760923b27fe84f"
  integrity sha1-9Xa2M0FUeYnB3nuiiHYJI7J/6E8=
